
Microsoft Visual Studio Solution File, Format Version 12.00
# Visual Studio Version 17
VisualStudioVersion = 17.10.35013.160
MinimumVisualStudioVersion = 10.0.40219.1
Project("{9A19103F-16F7-4668-BE54-9A1E7A4F7556}") = "canciones", "canciones\canciones.csproj", "{7B7B5C35-A924-4CB8-BF19-978EA7A9BA66}"
EndProject
Project("{FAE04EC0-301F-11D3-BF4B-00C04F79EFBC}") = "DataAC", "DataAC\DataAC.csproj", "{ACF20B99-B21E-436C-9DDE-03833891B9D8}"
EndProject
Global
	GlobalSection(SolutionConfigurationPlatforms) = preSolution
		Debug|Any CPU = Debug|Any CPU
		Release|Any CPU = Release|Any CPU
	EndGlobalSection
	GlobalSection(ProjectConfigurationPlatforms) = postSolution
		{7B7B5C35-A924-4CB8-BF19-978EA7A9BA66}.Debug|Any CPU.ActiveCfg = Debug|Any CPU
		{7B7B5C35-A924-4CB8-BF19-978EA7A9BA66}.Debug|Any CPU.Build.0 = Debug|Any CPU
		{7B7B5C35-A924-4CB8-BF19-978EA7A9BA66}.Release|Any CPU.ActiveCfg = Release|Any CPU
		{7B7B5C35-A924-4CB8-BF19-978EA7A9BA66}.Release|Any CPU.Build.0 = Release|Any CPU
		{ACF20B99-B21E-436C-9DDE-03833891B9D8}.Debug|Any CPU.ActiveCfg = Debug|Any CPU
		{ACF20B99-B21E-436C-9DDE-03833891B9D8}.Debug|Any CPU.Build.0 = Debug|Any CPU
		{ACF20B99-B21E-436C-9DDE-03833891B9D8}.Release|Any CPU.ActiveCfg = Release|Any CPU
		{ACF20B99-B21E-436C-9DDE-03833891B9D8}.Release|Any CPU.Build.0 = Release|Any CPU
	EndGlobalSection
	GlobalSection(SolutionProperties) = preSolution
		HideSolutionNode = FALSE
	EndGlobalSection
	GlobalSection(ExtensibilityGlobals) = postSolution
		SolutionGuid = {30081B06-543A-4D43-9E13-C4292D1F230F}
	EndGlobalSection
EndGlobal
